
Microsoft Visual Studio Solution File, Format Version 12.00
# Visual Studio Version 17
VisualStudioVersion = 17.9.34728.123
MinimumVisualStudioVersion = 10.0.40219.1
Project("{FAE04EC0-301F-11D3-BF4B-00C04F79EFBC}") = "math quiz", "math quiz.csproj", "{1983034E-E6BD-4AA2-9AA2-E3CB469D12D5}"
EndProject
Global
	GlobalSection(SolutionConfigurationPlatforms) = preSolution
		Debug|Any CPU = Debug|Any CPU
		Release|Any CPU = Release|Any CPU
	EndGlobalSection
	GlobalSection(ProjectConfigurationPlatforms) = postSolution
		{1983034E-E6BD-4AA2-9AA2-E3CB469D12D5}.Debug|Any CPU.ActiveCfg = Debug|Any CPU
		{1983034E-E6BD-4AA2-9AA2-E3CB469D12D5}.Debug|Any CPU.Build.0 = Debug|Any CPU
		{1983034E-E6BD-4AA2-9AA2-E3CB469D12D5}.Release|Any CPU.ActiveCfg = Release|Any CPU
		{1983034E-E6BD-4AA2-9AA2-E3CB469D12D5}.Release|Any CPU.Build.0 = Release|Any CPU
	EndGlobalSection
	GlobalSection(SolutionProperties) = preSolution
		HideSolutionNode = FALSE
	EndGlobalSection
	GlobalSection(ExtensibilityGlobals) = postSolution
		SolutionGuid = {D0EF00CF-5D95-4613-81B0-8E5385CF1947}
	EndGlobalSection
EndGlobal
